
Microsoft Visual Studio Solution File, Format Version 12.00
# Visual Studio 2013
VisualStudioVersion = 12.0.31101.0
MinimumVisualStudioVersion = 10.0.40219.1
Project("{FAE04EC0-301F-11D3-BF4B-00C04F79EFBC}") = "OwinAPP", "OwinAPP\OwinAPP.csproj", "{DEEBB303-2791-4EFD-8CE6-8A724A5B785D}"
EndProject
Project("{FAE04EC0-301F-11D3-BF4B-00C04F79EFBC}") = "OwinConsoleHost", "OwinConsoleHost\OwinConsoleHost.csproj", "{8CEEBC56-05A4-48D7-9244-AF3C9761E375}"
EndProject
Project("{FAE04EC0-301F-11D3-BF4B-00C04F79EFBC}") = "WebApiTest", "WebApiTest\WebApiTest.csproj", "{4CF79331-6788-4EFA-BF3C-CD30C30C38D0}"
EndProject
Project("{FAE04EC0-301F-11D3-BF4B-00C04F79EFBC}") = "SimulateIMiddleWare", "SimulateIMiddleWare\SimulateIMiddleWare.csproj", "{C67FE19D-97CF-4AA0-843A-C8950EF63792}"
EndProject
Global
	GlobalSection(SolutionConfigurationPlatforms) = preSolution
		Debug|Any CPU = Debug|Any CPU
		Release|Any CPU = Release|Any CPU
	EndGlobalSection
	GlobalSection(ProjectConfigurationPlatforms) = postSolution
		{DEEBB303-2791-4EFD-8CE6-8A724A5B785D}.Debug|Any CPU.ActiveCfg = Debug|Any CPU
		{DEEBB303-2791-4EFD-8CE6-8A724A5B785D}.Debug|Any CPU.Build.0 = Debug|Any CPU
		{DEEBB303-2791-4EFD-8CE6-8A724A5B785D}.Release|Any CPU.ActiveCfg = Release|Any CPU
		{DEEBB303-2791-4EFD-8CE6-8A724A5B785D}.Release|Any CPU.Build.0 = Release|Any CPU
		{8CEEBC56-05A4-48D7-9244-AF3C9761E375}.Debug|Any CPU.ActiveCfg = Debug|Any CPU
		{8CEEBC56-05A4-48D7-9244-AF3C9761E375}.Debug|Any CPU.Build.0 = Debug|Any CPU
		{8CEEBC56-05A4-48D7-9244-AF3C9761E375}.Release|Any CPU.ActiveCfg = Release|Any CPU
		{8CEEBC56-05A4-48D7-9244-AF3C9761E375}.Release|Any CPU.Build.0 = Release|Any CPU
		{4CF79331-6788-4EFA-BF3C-CD30C30C38D0}.Debug|Any CPU.ActiveCfg = Debug|Any CPU
		{4CF79331-6788-4EFA-BF3C-CD30C30C38D0}.Debug|Any CPU.Build.0 = Debug|Any CPU
		{4CF79331-6788-4EFA-BF3C-CD30C30C38D0}.Release|Any CPU.ActiveCfg = Release|Any CPU
		{4CF79331-6788-4EFA-BF3C-CD30C30C38D0}.Release|Any CPU.Build.0 = Release|Any CPU
		{C67FE19D-97CF-4AA0-843A-C8950EF63792}.Debug|Any CPU.ActiveCfg = Debug|Any CPU
		{C67FE19D-97CF-4AA0-843A-C8950EF63792}.Debug|Any CPU.Build.0 = Debug|Any CPU
		{C67FE19D-97CF-4AA0-843A-C8950EF63792}.Release|Any CPU.ActiveCfg = Release|Any CPU
		{C67FE19D-97CF-4AA0-843A-C8950EF63792}.Release|Any CPU.Build.0 = Release|Any CPU
	EndGlobalSection
	GlobalSection(SolutionProperties) = preSolution
		HideSolutionNode = FALSE
	EndGlobalSection
EndGlobal
